<Solution>
  <Folder Name="/shared/">
    <Project Path="shared/ClaudeManager.Shared/ClaudeManager.Shared.csproj" />
  </Folder>
  <Folder Name="/src/">
    <Project Path="src/ClaudeManager.Agent/ClaudeManager.Agent.csproj" />
    <Project Path="src/ClaudeManager.Hub/ClaudeManager.Hub.csproj" />
    <Project Path="src/ClaudeManager.McpServer/ClaudeManager.McpServer.csproj" />
  </Folder>
  <Folder Name="/tests/">
    <Project Path="tests/ClaudeManager.Agent.Tests/ClaudeManager.Agent.Tests.csproj" />
    <Project Path="tests/ClaudeManager.Hub.Tests/ClaudeManager.Hub.Tests.csproj" />
    <Project Path="tests/ClaudeManager.Integration.Tests/ClaudeManager.Integration.Tests.csproj" />
  </Folder>
</Solution>
